<?xml version="1.0" encoding="utf-8"?>
<Project ToolsVersion="4.0" xmlns="http://schemas.microsoft.com/developer/msbuild/2003">
  <ItemGroup>
    <Filter Include="Resource Files">
      <UniqueIdentifier>{67DA6AB6-F800-4c08-8B7A-83BB121AAD01}</UniqueIdentifier>
      <Extensions>qrc;rc;ico;cur;bmp;dlg;rc2;rct;bin;rgs;gif;jpg;jpeg;jpe;resx;tiff;tif;png;wav;mfcribbon-ms</Extensions>
    </Filter>
    <Filter Include="Translation Files">
      <UniqueIdentifier>{639EADAA-A684-42e4-A9AD-28FC9BCB8F7C}</UniqueIdentifier>
      <Extensions>ts</Extensions>
    </Filter>
    <Filter Include="main">
      <UniqueIdentifier>{968f1484-6073-430e-893e-d0ff57e26feb}</UniqueIdentifier>
    </Filter>
    <Filter Include="main\screenshot">
      <UniqueIdentifier>{663e440a-4e79-4550-a32f-5bf176ce2359}</UniqueIdentifier>
    </Filter>
    <Filter Include="main\imageview">
      <UniqueIdentifier>{0d250e22-992f-4bf6-a2d5-e8e4dcf5c938}</UniqueIdentifier>
    </Filter>
  </ItemGroup>
  <ItemGroup>
    <ClCompile Include="main\imageview\imageView.cpp">
      <Filter>main\imageview</Filter>
    </ClCompile>
    <ClCompile Include="main\imageview\showImage.cpp">
      <Filter>main\imageview</Filter>
    </ClCompile>
    <ClCompile Include="main\screenshot\capturescreen.cpp">
      <Filter>main\screenshot</Filter>
    </ClCompile>
    <ClCompile Include="main\screenshot\controlwidget.cpp">
      <Filter>main\screenshot</Filter>
    </ClCompile>
    <ClCompile Include="main\main.cpp">
      <Filter>main</Filter>
    </ClCompile>
    <ClCompile Include="main\Screenshot.cpp">
      <Filter>main</Filter>
    </ClCompile>
    <ClCompile Include="main\imageview\LabelGIF.cpp">
      <Filter>main\imageview</Filter>
    </ClCompile>
  </ItemGroup>
  <ItemGroup>
    <QtMoc Include="main\imageview\imageView.h">
      <Filter>main\imageview</Filter>
    </QtMoc>
    <QtMoc Include="main\imageview\showImage.h">
      <Filter>main\imageview</Filter>
    </QtMoc>
    <QtMoc Include="main\imageview\LabelGIF.h">
      <Filter>main\imageview</Filter>
    </QtMoc>
    <QtMoc Include="main\screenshot\controlwidget.h">
      <Filter>main\screenshot</Filter>
    </QtMoc>
    <QtMoc Include="main\Screenshot.h">
      <Filter>main</Filter>
    </QtMoc>
    <QtMoc Include="main\screenshot\capturescreen.h">
      <Filter>main\screenshot</Filter>
    </QtMoc>
  </ItemGroup>
  <ItemGroup>
    <QtUic Include="main\imageview\showImage.ui">
      <Filter>main\imageview</Filter>
    </QtUic>
    <QtUic Include="main\screenshot\controlwidget.ui">
      <Filter>main\screenshot</Filter>
    </QtUic>
    <QtUic Include="main\Screenshot.ui">
      <Filter>main</Filter>
    </QtUic>
  </ItemGroup>
  <ItemGroup>
    <QtRcc Include="qrc\Screenshot.qrc">
      <Filter>Resource Files</Filter>
    </QtRcc>
  </ItemGroup>
</Project>